
Microsoft Visual Studio Solution File, Format Version 12.00
# Visual Studio Version 17
VisualStudioVersion = 17.0.31903.59
MinimumVisualStudioVersion = 10.0.40219.1
Project("{FAE04EC0-301F-11D3-BF4B-00C04F79EFBC}") = "JaggedArray1", "JaggedArray1\JaggedArray1.csproj", "{5077EA62-00BB-4C47-B4DF-4DB807BFF771}"
EndProject
Project("{FAE04EC0-301F-11D3-BF4B-00C04F79EFBC}") = "StringTest", "StringTest\StringTest.csproj", "{6AF8090B-5BC4-4008-9073-3BA9D8382AAD}"
EndProject
Project("{FAE04EC0-301F-11D3-BF4B-00C04F79EFBC}") = "InheritenceDemo1", "InheritenceDemo1\InheritenceDemo1.csproj", "{0D43ED6E-89DD-4275-8CB0-B6EC03ECF978}"
EndProject
Project("{FAE04EC0-301F-11D3-BF4B-00C04F79EFBC}") = "DelegateDemo1", "DelegateDemo1\DelegateDemo1.csproj", "{97FA1020-7CEB-4873-9272-10760F5D951D}"
EndProject
Project("{FAE04EC0-301F-11D3-BF4B-00C04F79EFBC}") = "ListFahadDemo", "ListFahadDemo\ListFahadDemo.csproj", "{89BBF726-0629-46E7-96CD-784E893B8DD0}"
EndProject
Project("{FAE04EC0-301F-11D3-BF4B-00C04F79EFBC}") = "DelegateOwn1", "DelegateOwn1\DelegateOwn1.csproj", "{0250A4EA-E591-4659-A473-6920E5ABAD6A}"
EndProject
Project("{FAE04EC0-301F-11D3-BF4B-00C04F79EFBC}") = "DelegateCUETClass1", "DelegateCUETClass1\DelegateCUETClass1.csproj", "{00CE2862-223E-41ED-9F6F-5BFD359DB261}"
EndProject
Project("{FAE04EC0-301F-11D3-BF4B-00C04F79EFBC}") = "DelegateDemo2", "DelegateDemo2\DelegateDemo2.csproj", "{216E5B77-A8C2-4884-A309-75CCCA0BDB65}"
EndProject
Project("{FAE04EC0-301F-11D3-BF4B-00C04F79EFBC}") = "Class1stJuly", "Class1stJuly\Class1stJuly.csproj", "{F9898207-30D5-4D7B-9BC8-B867C28A2BEB}"
EndProject
Project("{FAE04EC0-301F-11D3-BF4B-00C04F79EFBC}") = "InterfaceProblem1stJuly", "InterfaceProblem1stJuly\InterfaceProblem1stJuly.csproj", "{35D31E14-DBEA-463C-97E8-6FEE3FD3B972}"
EndProject
Project("{FAE04EC0-301F-11D3-BF4B-00C04F79EFBC}") = "BeforeExam", "BeforeExam\BeforeExam.csproj", "{85B36239-841C-4B29-A526-704F09818BB9}"
EndProject
Project("{FAE04EC0-301F-11D3-BF4B-00C04F79EFBC}") = "HTaskPerp", "HTaskPerp\HTaskPerp.csproj", "{DF6B94AE-A7B6-41B6-AE79-8579DE890F4A}"
EndProject
Project("{2150E333-8FDC-42A3-9474-1A3956D46DE8}") = "Revision", "Revision", "{A35A7D5E-FCF9-D54D-FCCB-CA341D1962C3}"
EndProject
Project("{FAE04EC0-301F-11D3-BF4B-00C04F79EFBC}") = "Revision001", "Revision\Revision001\Revision001.csproj", "{D5C783D1-612D-4F81-B107-CADFA0AF6F79}"
EndProject
Project("{FAE04EC0-301F-11D3-BF4B-00C04F79EFBC}") = "Params", "Params\Params.csproj", "{F6143C57-A359-42DD-94D4-07DB579F90C3}"
EndProject
Project("{FAE04EC0-301F-11D3-BF4B-00C04F79EFBC}") = "MaxMinParam", "MaxMinParam\MaxMinParam.csproj", "{50123697-4CA3-4CFD-8D55-2E8CBDEFC1F6}"
EndProject
Project("{FAE04EC0-301F-11D3-BF4B-00C04F79EFBC}") = "List1", "List1\List1.csproj", "{758FCDB3-EBD2-4D5D-BB00-C1567829329E}"
EndProject
Project("{FAE04EC0-301F-11D3-BF4B-00C04F79EFBC}") = "Hashtable1", "Hashtable1\Hashtable1.csproj", "{85D28233-7E3A-4884-B15B-01C4C64C2A00}"
EndProject
Project("{FAE04EC0-301F-11D3-BF4B-00C04F79EFBC}") = "HW3", "HW3\HW3.csproj", "{3730E82A-CC96-47DB-A1E2-B0472E5D953E}"
EndProject
Project("{FAE04EC0-301F-11D3-BF4B-00C04F79EFBC}") = "InheritanceSocialMedia", "InheritanceSocialMedia\InheritanceSocialMedia.csproj", "{93B63F6F-E6E2-4B68-BF86-0F878AB0CA39}"
EndProject
Project("{FAE04EC0-301F-11D3-BF4B-00C04F79EFBC}") = "HW7", "HW7\HW7.csproj", "{3EB45C7C-50DB-4DA6-BEFE-7203DBF90BE2}"
EndProject
Project("{FAE04EC0-301F-11D3-BF4B-00C04F79EFBC}") = "HW5", "HW5\HW5.csproj", "{E9973C8D-61C5-4FB9-9E5C-F7B452BC2C71}"
EndProject
Project("{FAE04EC0-301F-11D3-BF4B-00C04F79EFBC}") = "HW5V2", "HW5V2\HW5V2.csproj", "{6691AAA8-635B-46F4-B611-1FC7CE5662DB}"
EndProject
Global
	GlobalSection(SolutionConfigurationPlatforms) = preSolution
		Debug|Any CPU = Debug|Any CPU
		Debug|x64 = Debug|x64
		Debug|x86 = Debug|x86
		Release|Any CPU = Release|Any CPU
		Release|x64 = Release|x64
		Release|x86 = Release|x86
	EndGlobalSection
	GlobalSection(ProjectConfigurationPlatforms) = postSolution
		{5077EA62-00BB-4C47-B4DF-4DB807BFF771}.Debug|Any CPU.ActiveCfg = Debug|Any CPU
		{5077EA62-00BB-4C47-B4DF-4DB807BFF771}.Debug|Any CPU.Build.0 = Debug|Any CPU
		{5077EA62-00BB-4C47-B4DF-4DB807BFF771}.Debug|x64.ActiveCfg = Debug|Any CPU
		{5077EA62-00BB-4C47-B4DF-4DB807BFF771}.Debug|x64.Build.0 = Debug|Any CPU
		{5077EA62-00BB-4C47-B4DF-4DB807BFF771}.Debug|x86.ActiveCfg = Debug|Any CPU
		{5077EA62-00BB-4C47-B4DF-4DB807BFF771}.Debug|x86.Build.0 = Debug|Any CPU
		{5077EA62-00BB-4C47-B4DF-4DB807BFF771}.Release|Any CPU.ActiveCfg = Release|Any CPU
		{5077EA62-00BB-4C47-B4DF-4DB807BFF771}.Release|Any CPU.Build.0 = Release|Any CPU
		{5077EA62-00BB-4C47-B4DF-4DB807BFF771}.Release|x64.ActiveCfg = Release|Any CPU
		{5077EA62-00BB-4C47-B4DF-4DB807BFF771}.Release|x64.Build.0 = Release|Any CPU
		{5077EA62-00BB-4C47-B4DF-4DB807BFF771}.Release|x86.ActiveCfg = Release|Any CPU
		{5077EA62-00BB-4C47-B4DF-4DB807BFF771}.Release|x86.Build.0 = Release|Any CPU
		{6AF8090B-5BC4-4008-9073-3BA9D8382AAD}.Debug|Any CPU.ActiveCfg = Debug|Any CPU
		{6AF8090B-5BC4-4008-9073-3BA9D8382AAD}.Debug|Any CPU.Build.0 = Debug|Any CPU
		{6AF8090B-5BC4-4008-9073-3BA9D8382AAD}.Debug|x64.ActiveCfg = Debug|Any CPU
		{6AF8090B-5BC4-4008-9073-3BA9D8382AAD}.Debug|x64.Build.0 = Debug|Any CPU
		{6AF8090B-5BC4-4008-9073-3BA9D8382AAD}.Debug|x86.ActiveCfg = Debug|Any CPU
		{6AF8090B-5BC4-4008-9073-3BA9D8382AAD}.Debug|x86.Build.0 = Debug|Any CPU
		{6AF8090B-5BC4-4008-9073-3BA9D8382AAD}.Release|Any CPU.ActiveCfg = Release|Any CPU
		{6AF8090B-5BC4-4008-9073-3BA9D8382AAD}.Release|Any CPU.Build.0 = Release|Any CPU
		{6AF8090B-5BC4-4008-9073-3BA9D8382AAD}.Release|x64.ActiveCfg = Release|Any CPU
		{6AF8090B-5BC4-4008-9073-3BA9D8382AAD}.Release|x64.Build.0 = Release|Any CPU
		{6AF8090B-5BC4-4008-9073-3BA9D8382AAD}.Release|x86.ActiveCfg = Release|Any CPU
		{6AF8090B-5BC4-4008-9073-3BA9D8382AAD}.Release|x86.Build.0 = Release|Any CPU
		{0D43ED6E-89DD-4275-8CB0-B6EC03ECF978}.Debug|Any CPU.ActiveCfg = Debug|Any CPU
		{0D43ED6E-89DD-4275-8CB0-B6EC03ECF978}.Debug|Any CPU.Build.0 = Debug|Any CPU
		{0D43ED6E-89DD-4275-8CB0-B6EC03ECF978}.Debug|x64.ActiveCfg = Debug|Any CPU
		{0D43ED6E-89DD-4275-8CB0-B6EC03ECF978}.Debug|x64.Build.0 = Debug|Any CPU
		{0D43ED6E-89DD-4275-8CB0-B6EC03ECF978}.Debug|x86.ActiveCfg = Debug|Any CPU
		{0D43ED6E-89DD-4275-8CB0-B6EC03ECF978}.Debug|x86.Build.0 = Debug|Any CPU
		{0D43ED6E-89DD-4275-8CB0-B6EC03ECF978}.Release|Any CPU.ActiveCfg = Release|Any CPU
		{0D43ED6E-89DD-4275-8CB0-B6EC03ECF978}.Release|Any CPU.Build.0 = Release|Any CPU
		{0D43ED6E-89DD-4275-8CB0-B6EC03ECF978}.Release|x64.ActiveCfg = Release|Any CPU
		{0D43ED6E-89DD-4275-8CB0-B6EC03ECF978}.Release|x64.Build.0 = Release|Any CPU
		{0D43ED6E-89DD-4275-8CB0-B6EC03ECF978}.Release|x86.ActiveCfg = Release|Any CPU
		{0D43ED6E-89DD-4275-8CB0-B6EC03ECF978}.Release|x86.Build.0 = Release|Any CPU
		{97FA1020-7CEB-4873-9272-10760F5D951D}.Debug|Any CPU.ActiveCfg = Debug|Any CPU
		{97FA1020-7CEB-4873-9272-10760F5D951D}.Debug|Any CPU.Build.0 = Debug|Any CPU
		{97FA1020-7CEB-4873-9272-10760F5D951D}.Debug|x64.ActiveCfg = Debug|Any CPU
		{97FA1020-7CEB-4873-9272-10760F5D951D}.Debug|x64.Build.0 = Debug|Any CPU
		{97FA1020-7CEB-4873-9272-10760F5D951D}.Debug|x86.ActiveCfg = Debug|Any CPU
		{97FA1020-7CEB-4873-9272-10760F5D951D}.Debug|x86.Build.0 = Debug|Any CPU
		{97FA1020-7CEB-4873-9272-10760F5D951D}.Release|Any CPU.ActiveCfg = Release|Any CPU
		{97FA1020-7CEB-4873-9272-10760F5D951D}.Release|Any CPU.Build.0 = Release|Any CPU
		{97FA1020-7CEB-4873-9272-10760F5D951D}.Release|x64.ActiveCfg = Release|Any CPU
		{97FA1020-7CEB-4873-9272-10760F5D951D}.Release|x64.Build.0 = Release|Any CPU
		{97FA1020-7CEB-4873-9272-10760F5D951D}.Release|x86.ActiveCfg = Release|Any CPU
		{97FA1020-7CEB-4873-9272-10760F5D951D}.Release|x86.Build.0 = Release|Any CPU
		{89BBF726-0629-46E7-96CD-784E893B8DD0}.Debug|Any CPU.ActiveCfg = Debug|Any CPU
		{89BBF726-0629-46E7-96CD-784E893B8DD0}.Debug|Any CPU.Build.0 = Debug|Any CPU
		{89BBF726-0629-46E7-96CD-784E893B8DD0}.Debug|x64.ActiveCfg = Debug|Any CPU
		{89BBF726-0629-46E7-96CD-784E893B8DD0}.Debug|x64.Build.0 = Debug|Any CPU
		{89BBF726-0629-46E7-96CD-784E893B8DD0}.Debug|x86.ActiveCfg = Debug|Any CPU
		{89BBF726-0629-46E7-96CD-784E893B8DD0}.Debug|x86.Build.0 = Debug|Any CPU
		{89BBF726-0629-46E7-96CD-784E893B8DD0}.Release|Any CPU.ActiveCfg = Release|Any CPU
		{89BBF726-0629-46E7-96CD-784E893B8DD0}.Release|Any CPU.Build.0 = Release|Any CPU
		{89BBF726-0629-46E7-96CD-784E893B8DD0}.Release|x64.ActiveCfg = Release|Any CPU
		{89BBF726-0629-46E7-96CD-784E893B8DD0}.Release|x64.Build.0 = Release|Any CPU
		{89BBF726-0629-46E7-96CD-784E893B8DD0}.Release|x86.ActiveCfg = Release|Any CPU
		{89BBF726-0629-46E7-96CD-784E893B8DD0}.Release|x86.Build.0 = Release|Any CPU
		{0250A4EA-E591-4659-A473-6920E5ABAD6A}.Debug|Any CPU.ActiveCfg = Debug|Any CPU
		{0250A4EA-E591-4659-A473-6920E5ABAD6A}.Debug|Any CPU.Build.0 = Debug|Any CPU
		{0250A4EA-E591-4659-A473-6920E5ABAD6A}.Debug|x64.ActiveCfg = Debug|Any CPU
		{0250A4EA-E591-4659-A473-6920E5ABAD6A}.Debug|x64.Build.0 = Debug|Any CPU
		{0250A4EA-E591-4659-A473-6920E5ABAD6A}.Debug|x86.ActiveCfg = Debug|Any CPU
		{0250A4EA-E591-4659-A473-6920E5ABAD6A}.Debug|x86.Build.0 = Debug|Any CPU
		{0250A4EA-E591-4659-A473-6920E5ABAD6A}.Release|Any CPU.ActiveCfg = Release|Any CPU
		{0250A4EA-E591-4659-A473-6920E5ABAD6A}.Release|Any CPU.Build.0 = Release|Any CPU
		{0250A4EA-E591-4659-A473-6920E5ABAD6A}.Release|x64.ActiveCfg = Release|Any CPU
		{0250A4EA-E591-4659-A473-6920E5ABAD6A}.Release|x64.Build.0 = Release|Any CPU
		{0250A4EA-E591-4659-A473-6920E5ABAD6A}.Release|x86.ActiveCfg = Release|Any CPU
		{0250A4EA-E591-4659-A473-6920E5ABAD6A}.Release|x86.Build.0 = Release|Any CPU
		{00CE2862-223E-41ED-9F6F-5BFD359DB261}.Debug|Any CPU.ActiveCfg = Debug|Any CPU
		{00CE2862-223E-41ED-9F6F-5BFD359DB261}.Debug|Any CPU.Build.0 = Debug|Any CPU
		{00CE2862-223E-41ED-9F6F-5BFD359DB261}.Debug|x64.ActiveCfg = Debug|Any CPU
		{00CE2862-223E-41ED-9F6F-5BFD359DB261}.Debug|x64.Build.0 = Debug|Any CPU
		{00CE2862-223E-41ED-9F6F-5BFD359DB261}.Debug|x86.ActiveCfg = Debug|Any CPU
		{00CE2862-223E-41ED-9F6F-5BFD359DB261}.Debug|x86.Build.0 = Debug|Any CPU
		{00CE2862-223E-41ED-9F6F-5BFD359DB261}.Release|Any CPU.ActiveCfg = Release|Any CPU
		{00CE2862-223E-41ED-9F6F-5BFD359DB261}.Release|Any CPU.Build.0 = Release|Any CPU
		{00CE2862-223E-41ED-9F6F-5BFD359DB261}.Release|x64.ActiveCfg = Release|Any CPU
		{00CE2862-223E-41ED-9F6F-5BFD359DB261}.Release|x64.Build.0 = Release|Any CPU
		{00CE2862-223E-41ED-9F6F-5BFD359DB261}.Release|x86.ActiveCfg = Release|Any CPU
		{00CE2862-223E-41ED-9F6F-5BFD359DB261}.Release|x86.Build.0 = Release|Any CPU
		{216E5B77-A8C2-4884-A309-75CCCA0BDB65}.Debug|Any CPU.ActiveCfg = Debug|Any CPU
		{216E5B77-A8C2-4884-A309-75CCCA0BDB65}.Debug|Any CPU.Build.0 = Debug|Any CPU
		{216E5B77-A8C2-4884-A309-75CCCA0BDB65}.Debug|x64.ActiveCfg = Debug|Any CPU
		{216E5B77-A8C2-4884-A309-75CCCA0BDB65}.Debug|x64.Build.0 = Debug|Any CPU
		{216E5B77-A8C2-4884-A309-75CCCA0BDB65}.Debug|x86.ActiveCfg = Debug|Any CPU
		{216E5B77-A8C2-4884-A309-75CCCA0BDB65}.Debug|x86.Build.0 = Debug|Any CPU
		{216E5B77-A8C2-4884-A309-75CCCA0BDB65}.Release|Any CPU.ActiveCfg = Release|Any CPU
		{216E5B77-A8C2-4884-A309-75CCCA0BDB65}.Release|Any CPU.Build.0 = Release|Any CPU
		{216E5B77-A8C2-4884-A309-75CCCA0BDB65}.Release|x64.ActiveCfg = Release|Any CPU
		{216E5B77-A8C2-4884-A309-75CCCA0BDB65}.Release|x64.Build.0 = Release|Any CPU
		{216E5B77-A8C2-4884-A309-75CCCA0BDB65}.Release|x86.ActiveCfg = Release|Any CPU
		{216E5B77-A8C2-4884-A309-75CCCA0BDB65}.Release|x86.Build.0 = Release|Any CPU
		{F9898207-30D5-4D7B-9BC8-B867C28A2BEB}.Debug|Any CPU.ActiveCfg = Debug|Any CPU
		{F9898207-30D5-4D7B-9BC8-B867C28A2BEB}.Debug|Any CPU.Build.0 = Debug|Any CPU
		{F9898207-30D5-4D7B-9BC8-B867C28A2BEB}.Debug|x64.ActiveCfg = Debug|Any CPU
		{F9898207-30D5-4D7B-9BC8-B867C28A2BEB}.Debug|x64.Build.0 = Debug|Any CPU
		{F9898207-30D5-4D7B-9BC8-B867C28A2BEB}.Debug|x86.ActiveCfg = Debug|Any CPU
		{F9898207-30D5-4D7B-9BC8-B867C28A2BEB}.Debug|x86.Build.0 = Debug|Any CPU
		{F9898207-30D5-4D7B-9BC8-B867C28A2BEB}.Release|Any CPU.ActiveCfg = Release|Any CPU
		{F9898207-30D5-4D7B-9BC8-B867C28A2BEB}.Release|Any CPU.Build.0 = Release|Any CPU
		{F9898207-30D5-4D7B-9BC8-B867C28A2BEB}.Release|x64.ActiveCfg = Release|Any CPU
		{F9898207-30D5-4D7B-9BC8-B867C28A2BEB}.Release|x64.Build.0 = Release|Any CPU
		{F9898207-30D5-4D7B-9BC8-B867C28A2BEB}.Release|x86.ActiveCfg = Release|Any CPU
		{F9898207-30D5-4D7B-9BC8-B867C28A2BEB}.Release|x86.Build.0 = Release|Any CPU
		{35D31E14-DBEA-463C-97E8-6FEE3FD3B972}.Debug|Any CPU.ActiveCfg = Debug|Any CPU
		{35D31E14-DBEA-463C-97E8-6FEE3FD3B972}.Debug|Any CPU.Build.0 = Debug|Any CPU
		{35D31E14-DBEA-463C-97E8-6FEE3FD3B972}.Debug|x64.ActiveCfg = Debug|Any CPU
		{35D31E14-DBEA-463C-97E8-6FEE3FD3B972}.Debug|x64.Build.0 = Debug|Any CPU
		{35D31E14-DBEA-463C-97E8-6FEE3FD3B972}.Debug|x86.ActiveCfg = Debug|Any CPU
		{35D31E14-DBEA-463C-97E8-6FEE3FD3B972}.Debug|x86.Build.0 = Debug|Any CPU
		{35D31E14-DBEA-463C-97E8-6FEE3FD3B972}.Release|Any CPU.ActiveCfg = Release|Any CPU
		{35D31E14-DBEA-463C-97E8-6FEE3FD3B972}.Release|Any CPU.Build.0 = Release|Any CPU
		{35D31E14-DBEA-463C-97E8-6FEE3FD3B972}.Release|x64.ActiveCfg = Release|Any CPU
		{35D31E14-DBEA-463C-97E8-6FEE3FD3B972}.Release|x64.Build.0 = Release|Any CPU
		{35D31E14-DBEA-463C-97E8-6FEE3FD3B972}.Release|x86.ActiveCfg = Release|Any CPU
		{35D31E14-DBEA-463C-97E8-6FEE3FD3B972}.Release|x86.Build.0 = Release|Any CPU
		{85B36239-841C-4B29-A526-704F09818BB9}.Debug|Any CPU.ActiveCfg = Debug|Any CPU
		{85B36239-841C-4B29-A526-704F09818BB9}.Debug|Any CPU.Build.0 = Debug|Any CPU
		{85B36239-841C-4B29-A526-704F09818BB9}.Debug|x64.ActiveCfg = Debug|Any CPU
		{85B36239-841C-4B29-A526-704F09818BB9}.Debug|x64.Build.0 = Debug|Any CPU
		{85B36239-841C-4B29-A526-704F09818BB9}.Debug|x86.ActiveCfg = Debug|Any CPU
		{85B36239-841C-4B29-A526-704F09818BB9}.Debug|x86.Build.0 = Debug|Any CPU
		{85B36239-841C-4B29-A526-704F09818BB9}.Release|Any CPU.ActiveCfg = Release|Any CPU
		{85B36239-841C-4B29-A526-704F09818BB9}.Release|Any CPU.Build.0 = Release|Any CPU
		{85B36239-841C-4B29-A526-704F09818BB9}.Release|x64.ActiveCfg = Release|Any CPU
		{85B36239-841C-4B29-A526-704F09818BB9}.Release|x64.Build.0 = Release|Any CPU
		{85B36239-841C-4B29-A526-704F09818BB9}.Release|x86.ActiveCfg = Release|Any CPU
		{85B36239-841C-4B29-A526-704F09818BB9}.Release|x86.Build.0 = Release|Any CPU
		{DF6B94AE-A7B6-41B6-AE79-8579DE890F4A}.Debug|Any CPU.ActiveCfg = Debug|Any CPU
		{DF6B94AE-A7B6-41B6-AE79-8579DE890F4A}.Debug|Any CPU.Build.0 = Debug|Any CPU
		{DF6B94AE-A7B6-41B6-AE79-8579DE890F4A}.Debug|x64.ActiveCfg = Debug|Any CPU
		{DF6B94AE-A7B6-41B6-AE79-8579DE890F4A}.Debug|x64.Build.0 = Debug|Any CPU
		{DF6B94AE-A7B6-41B6-AE79-8579DE890F4A}.Debug|x86.ActiveCfg = Debug|Any CPU
		{DF6B94AE-A7B6-41B6-AE79-8579DE890F4A}.Debug|x86.Build.0 = Debug|Any CPU
		{DF6B94AE-A7B6-41B6-AE79-8579DE890F4A}.Release|Any CPU.ActiveCfg = Release|Any CPU
		{DF6B94AE-A7B6-41B6-AE79-8579DE890F4A}.Release|Any CPU.Build.0 = Release|Any CPU
		{DF6B94AE-A7B6-41B6-AE79-8579DE890F4A}.Release|x64.ActiveCfg = Release|Any CPU
		{DF6B94AE-A7B6-41B6-AE79-8579DE890F4A}.Release|x64.Build.0 = Release|Any CPU
		{DF6B94AE-A7B6-41B6-AE79-8579DE890F4A}.Release|x86.ActiveCfg = Release|Any CPU
		{DF6B94AE-A7B6-41B6-AE79-8579DE890F4A}.Release|x86.Build.0 = Release|Any CPU
		{D5C783D1-612D-4F81-B107-CADFA0AF6F79}.Debug|Any CPU.ActiveCfg = Debug|Any CPU
		{D5C783D1-612D-4F81-B107-CADFA0AF6F79}.Debug|Any CPU.Build.0 = Debug|Any CPU
		{D5C783D1-612D-4F81-B107-CADFA0AF6F79}.Debug|x64.ActiveCfg = Debug|Any CPU
		{D5C783D1-612D-4F81-B107-CADFA0AF6F79}.Debug|x64.Build.0 = Debug|Any CPU
		{D5C783D1-612D-4F81-B107-CADFA0AF6F79}.Debug|x86.ActiveCfg = Debug|Any CPU
		{D5C783D1-612D-4F81-B107-CADFA0AF6F79}.Debug|x86.Build.0 = Debug|Any CPU
		{D5C783D1-612D-4F81-B107-CADFA0AF6F79}.Release|Any CPU.ActiveCfg = Release|Any CPU
		{D5C783D1-612D-4F81-B107-CADFA0AF6F79}.Release|Any CPU.Build.0 = Release|Any CPU
		{D5C783D1-612D-4F81-B107-CADFA0AF6F79}.Release|x64.ActiveCfg = Release|Any CPU
		{D5C783D1-612D-4F81-B107-CADFA0AF6F79}.Release|x64.Build.0 = Release|Any CPU
		{D5C783D1-612D-4F81-B107-CADFA0AF6F79}.Release|x86.ActiveCfg = Release|Any CPU
		{D5C783D1-612D-4F81-B107-CADFA0AF6F79}.Release|x86.Build.0 = Release|Any CPU
		{F6143C57-A359-42DD-94D4-07DB579F90C3}.Debug|Any CPU.ActiveCfg = Debug|Any CPU
		{F6143C57-A359-42DD-94D4-07DB579F90C3}.Debug|Any CPU.Build.0 = Debug|Any CPU
		{F6143C57-A359-42DD-94D4-07DB579F90C3}.Debug|x64.ActiveCfg = Debug|Any CPU
		{F6143C57-A359-42DD-94D4-07DB579F90C3}.Debug|x64.Build.0 = Debug|Any CPU
		{F6143C57-A359-42DD-94D4-07DB579F90C3}.Debug|x86.ActiveCfg = Debug|Any CPU
		{F6143C57-A359-42DD-94D4-07DB579F90C3}.Debug|x86.Build.0 = Debug|Any CPU
		{F6143C57-A359-42DD-94D4-07DB579F90C3}.Release|Any CPU.ActiveCfg = Release|Any CPU
		{F6143C57-A359-42DD-94D4-07DB579F90C3}.Release|Any CPU.Build.0 = Release|Any CPU
		{F6143C57-A359-42DD-94D4-07DB579F90C3}.Release|x64.ActiveCfg = Release|Any CPU
		{F6143C57-A359-42DD-94D4-07DB579F90C3}.Release|x64.Build.0 = Release|Any CPU
		{F6143C57-A359-42DD-94D4-07DB579F90C3}.Release|x86.ActiveCfg = Release|Any CPU
		{F6143C57-A359-42DD-94D4-07DB579F90C3}.Release|x86.Build.0 = Release|Any CPU
		{50123697-4CA3-4CFD-8D55-2E8CBDEFC1F6}.Debug|Any CPU.ActiveCfg = Debug|Any CPU
		{50123697-4CA3-4CFD-8D55-2E8CBDEFC1F6}.Debug|Any CPU.Build.0 = Debug|Any CPU
		{50123697-4CA3-4CFD-8D55-2E8CBDEFC1F6}.Debug|x64.ActiveCfg = Debug|Any CPU
		{50123697-4CA3-4CFD-8D55-2E8CBDEFC1F6}.Debug|x64.Build.0 = Debug|Any CPU
		{50123697-4CA3-4CFD-8D55-2E8CBDEFC1F6}.Debug|x86.ActiveCfg = Debug|Any CPU
		{50123697-4CA3-4CFD-8D55-2E8CBDEFC1F6}.Debug|x86.Build.0 = Debug|Any CPU
		{50123697-4CA3-4CFD-8D55-2E8CBDEFC1F6}.Release|Any CPU.ActiveCfg = Release|Any CPU
		{50123697-4CA3-4CFD-8D55-2E8CBDEFC1F6}.Release|Any CPU.Build.0 = Release|Any CPU
		{50123697-4CA3-4CFD-8D55-2E8CBDEFC1F6}.Release|x64.ActiveCfg = Release|Any CPU
		{50123697-4CA3-4CFD-8D55-2E8CBDEFC1F6}.Release|x64.Build.0 = Release|Any CPU
		{50123697-4CA3-4CFD-8D55-2E8CBDEFC1F6}.Release|x86.ActiveCfg = Release|Any CPU
		{50123697-4CA3-4CFD-8D55-2E8CBDEFC1F6}.Release|x86.Build.0 = Release|Any CPU
		{758FCDB3-EBD2-4D5D-BB00-C1567829329E}.Debug|Any CPU.ActiveCfg = Debug|Any CPU
		{758FCDB3-EBD2-4D5D-BB00-C1567829329E}.Debug|Any CPU.Build.0 = Debug|Any CPU
		{758FCDB3-EBD2-4D5D-BB00-C1567829329E}.Debug|x64.ActiveCfg = Debug|Any CPU
		{758FCDB3-EBD2-4D5D-BB00-C1567829329E}.Debug|x64.Build.0 = Debug|Any CPU
		{758FCDB3-EBD2-4D5D-BB00-C1567829329E}.Debug|x86.ActiveCfg = Debug|Any CPU
		{758FCDB3-EBD2-4D5D-BB00-C1567829329E}.Debug|x86.Build.0 = Debug|Any CPU
		{758FCDB3-EBD2-4D5D-BB00-C1567829329E}.Release|Any CPU.ActiveCfg = Release|Any CPU
		{758FCDB3-EBD2-4D5D-BB00-C1567829329E}.Release|Any CPU.Build.0 = Release|Any CPU
		{758FCDB3-EBD2-4D5D-BB00-C1567829329E}.Release|x64.ActiveCfg = Release|Any CPU
		{758FCDB3-EBD2-4D5D-BB00-C1567829329E}.Release|x64.Build.0 = Release|Any CPU
		{758FCDB3-EBD2-4D5D-BB00-C1567829329E}.Release|x86.ActiveCfg = Release|Any CPU
		{758FCDB3-EBD2-4D5D-BB00-C1567829329E}.Release|x86.Build.0 = Release|Any CPU
		{85D28233-7E3A-4884-B15B-01C4C64C2A00}.Debug|Any CPU.ActiveCfg = Debug|Any CPU
		{85D28233-7E3A-4884-B15B-01C4C64C2A00}.Debug|Any CPU.Build.0 = Debug|Any CPU
		{85D28233-7E3A-4884-B15B-01C4C64C2A00}.Debug|x64.ActiveCfg = Debug|Any CPU
		{85D28233-7E3A-4884-B15B-01C4C64C2A00}.Debug|x64.Build.0 = Debug|Any CPU
		{85D28233-7E3A-4884-B15B-01C4C64C2A00}.Debug|x86.ActiveCfg = Debug|Any CPU
		{85D28233-7E3A-4884-B15B-01C4C64C2A00}.Debug|x86.Build.0 = Debug|Any CPU
		{85D28233-7E3A-4884-B15B-01C4C64C2A00}.Release|Any CPU.ActiveCfg = Release|Any CPU
		{85D28233-7E3A-4884-B15B-01C4C64C2A00}.Release|Any CPU.Build.0 = Release|Any CPU
		{85D28233-7E3A-4884-B15B-01C4C64C2A00}.Release|x64.ActiveCfg = Release|Any CPU
		{85D28233-7E3A-4884-B15B-01C4C64C2A00}.Release|x64.Build.0 = Release|Any CPU
		{85D28233-7E3A-4884-B15B-01C4C64C2A00}.Release|x86.ActiveCfg = Release|Any CPU
		{85D28233-7E3A-4884-B15B-01C4C64C2A00}.Release|x86.Build.0 = Release|Any CPU
		{3730E82A-CC96-47DB-A1E2-B0472E5D953E}.Debug|Any CPU.ActiveCfg = Debug|Any CPU
		{3730E82A-CC96-47DB-A1E2-B0472E5D953E}.Debug|Any CPU.Build.0 = Debug|Any CPU
		{3730E82A-CC96-47DB-A1E2-B0472E5D953E}.Debug|x64.ActiveCfg = Debug|Any CPU
		{3730E82A-CC96-47DB-A1E2-B0472E5D953E}.Debug|x64.Build.0 = Debug|Any CPU
		{3730E82A-CC96-47DB-A1E2-B0472E5D953E}.Debug|x86.ActiveCfg = Debug|Any CPU
		{3730E82A-CC96-47DB-A1E2-B0472E5D953E}.Debug|x86.Build.0 = Debug|Any CPU
		{3730E82A-CC96-47DB-A1E2-B0472E5D953E}.Release|Any CPU.ActiveCfg = Release|Any CPU
		{3730E82A-CC96-47DB-A1E2-B0472E5D953E}.Release|Any CPU.Build.0 = Release|Any CPU
		{3730E82A-CC96-47DB-A1E2-B0472E5D953E}.Release|x64.ActiveCfg = Release|Any CPU
		{3730E82A-CC96-47DB-A1E2-B0472E5D953E}.Release|x64.Build.0 = Release|Any CPU
		{3730E82A-CC96-47DB-A1E2-B0472E5D953E}.Release|x86.ActiveCfg = Release|Any CPU
		{3730E82A-CC96-47DB-A1E2-B0472E5D953E}.Release|x86.Build.0 = Release|Any CPU
		{93B63F6F-E6E2-4B68-BF86-0F878AB0CA39}.Debug|Any CPU.ActiveCfg = Debug|Any CPU
		{93B63F6F-E6E2-4B68-BF86-0F878AB0CA39}.Debug|Any CPU.Build.0 = Debug|Any CPU
		{93B63F6F-E6E2-4B68-BF86-0F878AB0CA39}.Debug|x64.ActiveCfg = Debug|Any CPU
		{93B63F6F-E6E2-4B68-BF86-0F878AB0CA39}.Debug|x64.Build.0 = Debug|Any CPU
		{93B63F6F-E6E2-4B68-BF86-0F878AB0CA39}.Debug|x86.ActiveCfg = Debug|Any CPU
		{93B63F6F-E6E2-4B68-BF86-0F878AB0CA39}.Debug|x86.Build.0 = Debug|Any CPU
		{93B63F6F-E6E2-4B68-BF86-0F878AB0CA39}.Release|Any CPU.ActiveCfg = Release|Any CPU
		{93B63F6F-E6E2-4B68-BF86-0F878AB0CA39}.Release|Any CPU.Build.0 = Release|Any CPU
		{93B63F6F-E6E2-4B68-BF86-0F878AB0CA39}.Release|x64.ActiveCfg = Release|Any CPU
		{93B63F6F-E6E2-4B68-BF86-0F878AB0CA39}.Release|x64.Build.0 = Release|Any CPU
		{93B63F6F-E6E2-4B68-BF86-0F878AB0CA39}.Release|x86.ActiveCfg = Release|Any CPU
		{93B63F6F-E6E2-4B68-BF86-0F878AB0CA39}.Release|x86.Build.0 = Release|Any CPU
		{3EB45C7C-50DB-4DA6-BEFE-7203DBF90BE2}.Debug|Any CPU.ActiveCfg = Debug|Any CPU
		{3EB45C7C-50DB-4DA6-BEFE-7203DBF90BE2}.Debug|Any CPU.Build.0 = Debug|Any CPU
		{3EB45C7C-50DB-4DA6-BEFE-7203DBF90BE2}.Debug|x64.ActiveCfg = Debug|Any CPU
		{3EB45C7C-50DB-4DA6-BEFE-7203DBF90BE2}.Debug|x64.Build.0 = Debug|Any CPU
		{3EB45C7C-50DB-4DA6-BEFE-7203DBF90BE2}.Debug|x86.ActiveCfg = Debug|Any CPU
		{3EB45C7C-50DB-4DA6-BEFE-7203DBF90BE2}.Debug|x86.Build.0 = Debug|Any CPU
		{3EB45C7C-50DB-4DA6-BEFE-7203DBF90BE2}.Release|Any CPU.ActiveCfg = Release|Any CPU
		{3EB45C7C-50DB-4DA6-BEFE-7203DBF90BE2}.Release|Any CPU.Build.0 = Release|Any CPU
		{3EB45C7C-50DB-4DA6-BEFE-7203DBF90BE2}.Release|x64.ActiveCfg = Release|Any CPU
		{3EB45C7C-50DB-4DA6-BEFE-7203DBF90BE2}.Release|x64.Build.0 = Release|Any CPU
		{3EB45C7C-50DB-4DA6-BEFE-7203DBF90BE2}.Release|x86.ActiveCfg = Release|Any CPU
		{3EB45C7C-50DB-4DA6-BEFE-7203DBF90BE2}.Release|x86.Build.0 = Release|Any CPU
		{E9973C8D-61C5-4FB9-9E5C-F7B452BC2C71}.Debug|Any CPU.ActiveCfg = Debug|Any CPU
		{E9973C8D-61C5-4FB9-9E5C-F7B452BC2C71}.Debug|Any CPU.Build.0 = Debug|Any CPU
		{E9973C8D-61C5-4FB9-9E5C-F7B452BC2C71}.Debug|x64.ActiveCfg = Debug|Any CPU
		{E9973C8D-61C5-4FB9-9E5C-F7B452BC2C71}.Debug|x64.Build.0 = Debug|Any CPU
		{E9973C8D-61C5-4FB9-9E5C-F7B452BC2C71}.Debug|x86.ActiveCfg = Debug|Any CPU
		{E9973C8D-61C5-4FB9-9E5C-F7B452BC2C71}.Debug|x86.Build.0 = Debug|Any CPU
		{E9973C8D-61C5-4FB9-9E5C-F7B452BC2C71}.Release|Any CPU.ActiveCfg = Release|Any CPU
		{E9973C8D-61C5-4FB9-9E5C-F7B452BC2C71}.Release|Any CPU.Build.0 = Release|Any CPU
		{E9973C8D-61C5-4FB9-9E5C-F7B452BC2C71}.Release|x64.ActiveCfg = Release|Any CPU
		{E9973C8D-61C5-4FB9-9E5C-F7B452BC2C71}.Release|x64.Build.0 = Release|Any CPU
		{E9973C8D-61C5-4FB9-9E5C-F7B452BC2C71}.Release|x86.ActiveCfg = Release|Any CPU
		{E9973C8D-61C5-4FB9-9E5C-F7B452BC2C71}.Release|x86.Build.0 = Release|Any CPU
		{6691AAA8-635B-46F4-B611-1FC7CE5662DB}.Debug|Any CPU.ActiveCfg = Debug|Any CPU
		{6691AAA8-635B-46F4-B611-1FC7CE5662DB}.Debug|Any CPU.Build.0 = Debug|Any CPU
		{6691AAA8-635B-46F4-B611-1FC7CE5662DB}.Debug|x64.ActiveCfg = Debug|Any CPU
		{6691AAA8-635B-46F4-B611-1FC7CE5662DB}.Debug|x64.Build.0 = Debug|Any CPU
		{6691AAA8-635B-46F4-B611-1FC7CE5662DB}.Debug|x86.ActiveCfg = Debug|Any CPU
		{6691AAA8-635B-46F4-B611-1FC7CE5662DB}.Debug|x86.Build.0 = Debug|Any CPU
		{6691AAA8-635B-46F4-B611-1FC7CE5662DB}.Release|Any CPU.ActiveCfg = Release|Any CPU
		{6691AAA8-635B-46F4-B611-1FC7CE5662DB}.Release|Any CPU.Build.0 = Release|Any CPU
		{6691AAA8-635B-46F4-B611-1FC7CE5662DB}.Release|x64.ActiveCfg = Release|Any CPU
		{6691AAA8-635B-46F4-B611-1FC7CE5662DB}.Release|x64.Build.0 = Release|Any CPU
		{6691AAA8-635B-46F4-B611-1FC7CE5662DB}.Release|x86.ActiveCfg = Release|Any CPU
		{6691AAA8-635B-46F4-B611-1FC7CE5662DB}.Release|x86.Build.0 = Release|Any CPU
	EndGlobalSection
	GlobalSection(SolutionProperties) = preSolution
		HideSolutionNode = FALSE
	EndGlobalSection
	GlobalSection(NestedProjects) = preSolution
		{D5C783D1-612D-4F81-B107-CADFA0AF6F79} = {A35A7D5E-FCF9-D54D-FCCB-CA341D1962C3}
	EndGlobalSection
EndGlobal
