
Microsoft Visual Studio Solution File, Format Version 12.00
# Visual Studio Version 17
VisualStudioVersion = 17.14.36121.58 d17.14
MinimumVisualStudioVersion = 10.0.40219.1
Project("{FAE04EC0-301F-11D3-BF4B-00C04F79EFBC}") = "Foreach1", "Foreach1\Foreach1.csproj", "{60A20174-D0D8-4E2D-B601-C09BDB448FBB}"
EndProject
Global
	GlobalSection(SolutionConfigurationPlatforms) = preSolution
		Debug|Any CPU = Debug|Any CPU
		Release|Any CPU = Release|Any CPU
	EndGlobalSection
	GlobalSection(ProjectConfigurationPlatforms) = postSolution
		{60A20174-D0D8-4E2D-B601-C09BDB448FBB}.Debug|Any CPU.ActiveCfg = Debug|Any CPU
		{60A20174-D0D8-4E2D-B601-C09BDB448FBB}.Debug|Any CPU.Build.0 = Debug|Any CPU
		{60A20174-D0D8-4E2D-B601-C09BDB448FBB}.Release|Any CPU.ActiveCfg = Release|Any CPU
		{60A20174-D0D8-4E2D-B601-C09BDB448FBB}.Release|Any CPU.Build.0 = Release|Any CPU
	EndGlobalSection
	GlobalSection(SolutionProperties) = preSolution
		HideSolutionNode = FALSE
	EndGlobalSection
	GlobalSection(ExtensibilityGlobals) = postSolution
		SolutionGuid = {29FCD530-87ED-4841-B7CD-5AB5B8066F94}
	EndGlobalSection
EndGlobal
