
Microsoft Visual Studio Solution File, Format Version 12.00
# Visual Studio Version 17
VisualStudioVersion = 17.14.36121.58 d17.14
MinimumVisualStudioVersion = 10.0.40219.1
Project("{FAE04EC0-301F-11D3-BF4B-00C04F79EFBC}") = "InheritenceDemo1", "InheritenceDemo1.csproj", "{2DDDE7E6-7775-A973-F073-65FDD4E0F399}"
EndProject
Global
	GlobalSection(SolutionConfigurationPlatforms) = preSolution
		Debug|Any CPU = Debug|Any CPU
		Release|Any CPU = Release|Any CPU
	EndGlobalSection
	GlobalSection(ProjectConfigurationPlatforms) = postSolution
		{2DDDE7E6-7775-A973-F073-65FDD4E0F399}.Debug|Any CPU.ActiveCfg = Debug|Any CPU
		{2DDDE7E6-7775-A973-F073-65FDD4E0F399}.Debug|Any CPU.Build.0 = Debug|Any CPU
		{2DDDE7E6-7775-A973-F073-65FDD4E0F399}.Release|Any CPU.ActiveCfg = Release|Any CPU
		{2DDDE7E6-7775-A973-F073-65FDD4E0F399}.Release|Any CPU.Build.0 = Release|Any CPU
	EndGlobalSection
	GlobalSection(SolutionProperties) = preSolution
		HideSolutionNode = FALSE
	EndGlobalSection
	GlobalSection(ExtensibilityGlobals) = postSolution
		SolutionGuid = {9FDC048D-1FCD-4001-B4E9-649A45231735}
	EndGlobalSection
EndGlobal
