
Microsoft Visual Studio Solution File, Format Version 12.00
# Visual Studio Version 17
VisualStudioVersion = 17.13.35913.81 d17.13
MinimumVisualStudioVersion = 10.0.40219.1
Project("{FAE04EC0-301F-11D3-BF4B-00C04F79EFBC}") = "HelloWorld", "HelloWorld\HelloWorld.csproj", "{88A5846E-5B1B-4318-ADC7-66259E60B401}"
EndProject
Global
	GlobalSection(SolutionConfigurationPlatforms) = preSolution
		Debug|Any CPU = Debug|Any CPU
		Release|Any CPU = Release|Any CPU
	EndGlobalSection
	GlobalSection(ProjectConfigurationPlatforms) = postSolution
		{88A5846E-5B1B-4318-ADC7-66259E60B401}.Debug|Any CPU.ActiveCfg = Debug|Any CPU
		{88A5846E-5B1B-4318-ADC7-66259E60B401}.Debug|Any CPU.Build.0 = Debug|Any CPU
		{88A5846E-5B1B-4318-ADC7-66259E60B401}.Release|Any CPU.ActiveCfg = Release|Any CPU
		{88A5846E-5B1B-4318-ADC7-66259E60B401}.Release|Any CPU.Build.0 = Release|Any CPU
	EndGlobalSection
	GlobalSection(SolutionProperties) = preSolution
		HideSolutionNode = FALSE
	EndGlobalSection
	GlobalSection(ExtensibilityGlobals) = postSolution
		SolutionGuid = {DE20DE41-E3D7-4A78-A588-38381BCBA842}
	EndGlobalSection
EndGlobal
