
Microsoft Visual Studio Solution File, Format Version 12.00
# Visual Studio Version 17
VisualStudioVersion = 17.13.35913.81 d17.13
MinimumVisualStudioVersion = 10.0.40219.1
Project("{FAE04EC0-301F-11D3-BF4B-00C04F79EFBC}") = "TryParse1", "TryParse1\TryParse1.csproj", "{8A98C407-2A3D-46D0-B1C1-82BBFD5E24FE}"
EndProject
Global
	GlobalSection(SolutionConfigurationPlatforms) = preSolution
		Debug|Any CPU = Debug|Any CPU
		Release|Any CPU = Release|Any CPU
	EndGlobalSection
	GlobalSection(ProjectConfigurationPlatforms) = postSolution
		{8A98C407-2A3D-46D0-B1C1-82BBFD5E24FE}.Debug|Any CPU.ActiveCfg = Debug|Any CPU
		{8A98C407-2A3D-46D0-B1C1-82BBFD5E24FE}.Debug|Any CPU.Build.0 = Debug|Any CPU
		{8A98C407-2A3D-46D0-B1C1-82BBFD5E24FE}.Release|Any CPU.ActiveCfg = Release|Any CPU
		{8A98C407-2A3D-46D0-B1C1-82BBFD5E24FE}.Release|Any CPU.Build.0 = Release|Any CPU
	EndGlobalSection
	GlobalSection(SolutionProperties) = preSolution
		HideSolutionNode = FALSE
	EndGlobalSection
	GlobalSection(ExtensibilityGlobals) = postSolution
		SolutionGuid = {6823B54D-5B70-4929-8FB1-5CB0D4BAF06D}
	EndGlobalSection
EndGlobal
