
Microsoft Visual Studio Solution File, Format Version 12.00
# Visual Studio Version 17
VisualStudioVersion = 17.13.35913.81 d17.13
MinimumVisualStudioVersion = 10.0.40219.1
Project("{FAE04EC0-301F-11D3-BF4B-00C04F79EFBC}") = "fahad", "fahad\fahad.csproj", "{F15DD840-130D-46AE-9871-B4CAE102197C}"
EndProject
Global
	GlobalSection(SolutionConfigurationPlatforms) = preSolution
		Debug|Any CPU = Debug|Any CPU
		Release|Any CPU = Release|Any CPU
	EndGlobalSection
	GlobalSection(ProjectConfigurationPlatforms) = postSolution
		{F15DD840-130D-46AE-9871-B4CAE102197C}.Debug|Any CPU.ActiveCfg = Debug|Any CPU
		{F15DD840-130D-46AE-9871-B4CAE102197C}.Debug|Any CPU.Build.0 = Debug|Any CPU
		{F15DD840-130D-46AE-9871-B4CAE102197C}.Release|Any CPU.ActiveCfg = Release|Any CPU
		{F15DD840-130D-46AE-9871-B4CAE102197C}.Release|Any CPU.Build.0 = Release|Any CPU
	EndGlobalSection
	GlobalSection(SolutionProperties) = preSolution
		HideSolutionNode = FALSE
	EndGlobalSection
	GlobalSection(ExtensibilityGlobals) = postSolution
		SolutionGuid = {17346036-E97F-4C7B-A409-7BD4309514CB}
	EndGlobalSection
EndGlobal
