
Microsoft Visual Studio Solution File, Format Version 12.00
# Visual Studio Version 17
VisualStudioVersion = 17.13.35913.81 d17.13
MinimumVisualStudioVersion = 10.0.40219.1
Project("{FAE04EC0-301F-11D3-BF4B-00C04F79EFBC}") = "HighScore1", "HighScore1\HighScore1.csproj", "{73BBCDC9-E550-4CD1-A598-E961F287CC9C}"
EndProject
Global
	GlobalSection(SolutionConfigurationPlatforms) = preSolution
		Debug|Any CPU = Debug|Any CPU
		Release|Any CPU = Release|Any CPU
	EndGlobalSection
	GlobalSection(ProjectConfigurationPlatforms) = postSolution
		{73BBCDC9-E550-4CD1-A598-E961F287CC9C}.Debug|Any CPU.ActiveCfg = Debug|Any CPU
		{73BBCDC9-E550-4CD1-A598-E961F287CC9C}.Debug|Any CPU.Build.0 = Debug|Any CPU
		{73BBCDC9-E550-4CD1-A598-E961F287CC9C}.Release|Any CPU.ActiveCfg = Release|Any CPU
		{73BBCDC9-E550-4CD1-A598-E961F287CC9C}.Release|Any CPU.Build.0 = Release|Any CPU
	EndGlobalSection
	GlobalSection(SolutionProperties) = preSolution
		HideSolutionNode = FALSE
	EndGlobalSection
	GlobalSection(ExtensibilityGlobals) = postSolution
		SolutionGuid = {237B729D-61B6-4B1B-965A-941B1CDD899A}
	EndGlobalSection
EndGlobal
