
Microsoft Visual Studio Solution File, Format Version 12.00
# Visual Studio Version 17
VisualStudioVersion = 17.13.35913.81 d17.13
MinimumVisualStudioVersion = 10.0.40219.1
Project("{FAE04EC0-301F-11D3-BF4B-00C04F79EFBC}") = "Class1", "Class1\Class1.csproj", "{0B6E39F0-8702-429B-ABD8-D4BA35E8159F}"
EndProject
Global
	GlobalSection(SolutionConfigurationPlatforms) = preSolution
		Debug|Any CPU = Debug|Any CPU
		Release|Any CPU = Release|Any CPU
	EndGlobalSection
	GlobalSection(ProjectConfigurationPlatforms) = postSolution
		{0B6E39F0-8702-429B-ABD8-D4BA35E8159F}.Debug|Any CPU.ActiveCfg = Debug|Any CPU
		{0B6E39F0-8702-429B-ABD8-D4BA35E8159F}.Debug|Any CPU.Build.0 = Debug|Any CPU
		{0B6E39F0-8702-429B-ABD8-D4BA35E8159F}.Release|Any CPU.ActiveCfg = Release|Any CPU
		{0B6E39F0-8702-429B-ABD8-D4BA35E8159F}.Release|Any CPU.Build.0 = Release|Any CPU
	EndGlobalSection
	GlobalSection(SolutionProperties) = preSolution
		HideSolutionNode = FALSE
	EndGlobalSection
	GlobalSection(ExtensibilityGlobals) = postSolution
		SolutionGuid = {856CD72C-CF91-4092-A3F5-F98A72362CCC}
	EndGlobalSection
EndGlobal
