
Microsoft Visual Studio Solution File, Format Version 12.00
# Visual Studio Version 17
VisualStudioVersion = 17.13.35913.81 d17.13
MinimumVisualStudioVersion = 10.0.40219.1
Project("{FAE04EC0-301F-11D3-BF4B-00C04F79EFBC}") = "CT1", "CT1\CT1.csproj", "{7FF8669D-760E-4F0D-8681-76D518DB2E01}"
EndProject
Global
	GlobalSection(SolutionConfigurationPlatforms) = preSolution
		Debug|Any CPU = Debug|Any CPU
		Release|Any CPU = Release|Any CPU
	EndGlobalSection
	GlobalSection(ProjectConfigurationPlatforms) = postSolution
		{7FF8669D-760E-4F0D-8681-76D518DB2E01}.Debug|Any CPU.ActiveCfg = Debug|Any CPU
		{7FF8669D-760E-4F0D-8681-76D518DB2E01}.Debug|Any CPU.Build.0 = Debug|Any CPU
		{7FF8669D-760E-4F0D-8681-76D518DB2E01}.Release|Any CPU.ActiveCfg = Release|Any CPU
		{7FF8669D-760E-4F0D-8681-76D518DB2E01}.Release|Any CPU.Build.0 = Release|Any CPU
	EndGlobalSection
	GlobalSection(SolutionProperties) = preSolution
		HideSolutionNode = FALSE
	EndGlobalSection
	GlobalSection(ExtensibilityGlobals) = postSolution
		SolutionGuid = {95AA0AFF-9F2B-43FC-82A2-376A1C56189D}
	EndGlobalSection
EndGlobal
