
Microsoft Visual Studio Solution File, Format Version 12.00
# Visual Studio Version 17
VisualStudioVersion = 17.13.35913.81 d17.13
MinimumVisualStudioVersion = 10.0.40219.1
Project("{FAE04EC0-301F-11D3-BF4B-00C04F79EFBC}") = "FrontSurfaceChallenge", "FrontSurfaceChallenge\FrontSurfaceChallenge.csproj", "{96678E92-12B7-4713-A86F-E4727D42CD16}"
EndProject
Global
	GlobalSection(SolutionConfigurationPlatforms) = preSolution
		Debug|Any CPU = Debug|Any CPU
		Release|Any CPU = Release|Any CPU
	EndGlobalSection
	GlobalSection(ProjectConfigurationPlatforms) = postSolution
		{96678E92-12B7-4713-A86F-E4727D42CD16}.Debug|Any CPU.ActiveCfg = Debug|Any CPU
		{96678E92-12B7-4713-A86F-E4727D42CD16}.Debug|Any CPU.Build.0 = Debug|Any CPU
		{96678E92-12B7-4713-A86F-E4727D42CD16}.Release|Any CPU.ActiveCfg = Release|Any CPU
		{96678E92-12B7-4713-A86F-E4727D42CD16}.Release|Any CPU.Build.0 = Release|Any CPU
	EndGlobalSection
	GlobalSection(SolutionProperties) = preSolution
		HideSolutionNode = FALSE
	EndGlobalSection
	GlobalSection(ExtensibilityGlobals) = postSolution
		SolutionGuid = {1B79D6F0-6BEF-4DD3-AA0C-C5857CADBD29}
	EndGlobalSection
EndGlobal
