
Microsoft Visual Studio Solution File, Format Version 12.00
# Visual Studio Version 17
VisualStudioVersion = 17.13.35913.81 d17.13
MinimumVisualStudioVersion = 10.0.40219.1
Project("{FAE04EC0-301F-11D3-BF4B-00C04F79EFBC}") = "LoopQuiz1", "LoopQuiz1\LoopQuiz1.csproj", "{EB353246-899C-43C2-9B9C-1E78CCF7B9D8}"
EndProject
Global
	GlobalSection(SolutionConfigurationPlatforms) = preSolution
		Debug|Any CPU = Debug|Any CPU
		Release|Any CPU = Release|Any CPU
	EndGlobalSection
	GlobalSection(ProjectConfigurationPlatforms) = postSolution
		{EB353246-899C-43C2-9B9C-1E78CCF7B9D8}.Debug|Any CPU.ActiveCfg = Debug|Any CPU
		{EB353246-899C-43C2-9B9C-1E78CCF7B9D8}.Debug|Any CPU.Build.0 = Debug|Any CPU
		{EB353246-899C-43C2-9B9C-1E78CCF7B9D8}.Release|Any CPU.ActiveCfg = Release|Any CPU
		{EB353246-899C-43C2-9B9C-1E78CCF7B9D8}.Release|Any CPU.Build.0 = Release|Any CPU
	EndGlobalSection
	GlobalSection(SolutionProperties) = preSolution
		HideSolutionNode = FALSE
	EndGlobalSection
	GlobalSection(ExtensibilityGlobals) = postSolution
		SolutionGuid = {C3193494-50EE-4DEE-B8E8-3F4EAC25C66D}
	EndGlobalSection
EndGlobal
