
Microsoft Visual Studio Solution File, Format Version 12.00
# Visual Studio Version 17
VisualStudioVersion = 17.13.35913.81 d17.13
MinimumVisualStudioVersion = 10.0.40219.1
Project("{FAE04EC0-301F-11D3-BF4B-00C04F79EFBC}") = "Login1", "Login1\Login1.csproj", "{BC08F05F-E361-4076-8B1C-8A2BDC258A40}"
EndProject
Global
	GlobalSection(SolutionConfigurationPlatforms) = preSolution
		Debug|Any CPU = Debug|Any CPU
		Release|Any CPU = Release|Any CPU
	EndGlobalSection
	GlobalSection(ProjectConfigurationPlatforms) = postSolution
		{BC08F05F-E361-4076-8B1C-8A2BDC258A40}.Debug|Any CPU.ActiveCfg = Debug|Any CPU
		{BC08F05F-E361-4076-8B1C-8A2BDC258A40}.Debug|Any CPU.Build.0 = Debug|Any CPU
		{BC08F05F-E361-4076-8B1C-8A2BDC258A40}.Release|Any CPU.ActiveCfg = Release|Any CPU
		{BC08F05F-E361-4076-8B1C-8A2BDC258A40}.Release|Any CPU.Build.0 = Release|Any CPU
	EndGlobalSection
	GlobalSection(SolutionProperties) = preSolution
		HideSolutionNode = FALSE
	EndGlobalSection
	GlobalSection(ExtensibilityGlobals) = postSolution
		SolutionGuid = {B74236D3-CD0C-4D4C-BEF3-6345E8A8B749}
	EndGlobalSection
EndGlobal
