
Microsoft Visual Studio Solution File, Format Version 12.00
# Visual Studio Version 17
VisualStudioVersion = 17.13.35913.81 d17.13
MinimumVisualStudioVersion = 10.0.40219.1
Project("{FAE04EC0-301F-11D3-BF4B-00C04F79EFBC}") = "BoxProperties", "BoxProperties\BoxProperties.csproj", "{EC82A69F-074D-4287-8BE4-F9387A756610}"
EndProject
Global
	GlobalSection(SolutionConfigurationPlatforms) = preSolution
		Debug|Any CPU = Debug|Any CPU
		Release|Any CPU = Release|Any CPU
	EndGlobalSection
	GlobalSection(ProjectConfigurationPlatforms) = postSolution
		{EC82A69F-074D-4287-8BE4-F9387A756610}.Debug|Any CPU.ActiveCfg = Debug|Any CPU
		{EC82A69F-074D-4287-8BE4-F9387A756610}.Debug|Any CPU.Build.0 = Debug|Any CPU
		{EC82A69F-074D-4287-8BE4-F9387A756610}.Release|Any CPU.ActiveCfg = Release|Any CPU
		{EC82A69F-074D-4287-8BE4-F9387A756610}.Release|Any CPU.Build.0 = Release|Any CPU
	EndGlobalSection
	GlobalSection(SolutionProperties) = preSolution
		HideSolutionNode = FALSE
	EndGlobalSection
	GlobalSection(ExtensibilityGlobals) = postSolution
		SolutionGuid = {7782C436-DCEB-4FCC-8B56-90FBDD7354B7}
	EndGlobalSection
EndGlobal
