
Microsoft Visual Studio Solution File, Format Version 12.00
# Visual Studio Version 17
VisualStudioVersion = 17.14.36121.58 d17.14
MinimumVisualStudioVersion = 10.0.40219.1
Project("{FAE04EC0-301F-11D3-BF4B-00C04F79EFBC}") = "DataTypeCheck", "DataTypeCheck\DataTypeCheck.csproj", "{485FCC1D-3DA9-4932-9893-8C191352B103}"
EndProject
Global
	GlobalSection(SolutionConfigurationPlatforms) = preSolution
		Debug|Any CPU = Debug|Any CPU
		Release|Any CPU = Release|Any CPU
	EndGlobalSection
	GlobalSection(ProjectConfigurationPlatforms) = postSolution
		{485FCC1D-3DA9-4932-9893-8C191352B103}.Debug|Any CPU.ActiveCfg = Debug|Any CPU
		{485FCC1D-3DA9-4932-9893-8C191352B103}.Debug|Any CPU.Build.0 = Debug|Any CPU
		{485FCC1D-3DA9-4932-9893-8C191352B103}.Release|Any CPU.ActiveCfg = Release|Any CPU
		{485FCC1D-3DA9-4932-9893-8C191352B103}.Release|Any CPU.Build.0 = Release|Any CPU
	EndGlobalSection
	GlobalSection(SolutionProperties) = preSolution
		HideSolutionNode = FALSE
	EndGlobalSection
	GlobalSection(ExtensibilityGlobals) = postSolution
		SolutionGuid = {70FB4092-A862-495D-AD14-E3CDAF1713F5}
	EndGlobalSection
EndGlobal
